
Microsoft Visual Studio Solution File, Format Version 12.00
# Visual Studio Version 16
VisualStudioVersion = 16.0.29509.3
MinimumVisualStudioVersion = 10.0.40219.1
Project("{FAE04EC0-301F-11D3-BF4B-00C04F79EFBC}") = "AlgorithmsAndDataStructures", "AlgorithmsAndDataStructures\AlgorithmsAndDataStructures.csproj", "{57F4300C-1BAC-49F8-A8C5-2E0F79820730}"
EndProject
Global
	GlobalSection(SolutionConfigurationPlatforms) = preSolution
		Debug|Any CPU = Debug|Any CPU
		Release|Any CPU = Release|Any CPU
	EndGlobalSection
	GlobalSection(ProjectConfigurationPlatforms) = postSolution
		{57F4300C-1BAC-49F8-A8C5-2E0F79820730}.Debug|Any CPU.ActiveCfg = Debug|Any CPU
		{57F4300C-1BAC-49F8-A8C5-2E0F79820730}.Debug|Any CPU.Build.0 = Debug|Any CPU
		{57F4300C-1BAC-49F8-A8C5-2E0F79820730}.Release|Any CPU.ActiveCfg = Release|Any CPU
		{57F4300C-1BAC-49F8-A8C5-2E0F79820730}.Release|Any CPU.Build.0 = Release|Any CPU
	EndGlobalSection
	GlobalSection(SolutionProperties) = preSolution
		HideSolutionNode = FALSE
	EndGlobalSection
	GlobalSection(ExtensibilityGlobals) = postSolution
		SolutionGuid = {AD4F8C80-D41B-4425-BD7C-5D241B182AEF}
	EndGlobalSection
EndGlobal
