
Microsoft Visual Studio Solution File, Format Version 12.00
# Visual Studio Version 16
VisualStudioVersion = 16.0.29509.3
MinimumVisualStudioVersion = 10.0.40219.1
Project("{FAE04EC0-301F-11D3-BF4B-00C04F79EFBC}") = "StackArrayIm", "StackArrayIm\StackArrayIm.csproj", "{13B7B32D-86CC-4E97-9248-EFD1B7211334}"
EndProject
Global
	GlobalSection(SolutionConfigurationPlatforms) = preSolution
		Debug|Any CPU = Debug|Any CPU
		Release|Any CPU = Release|Any CPU
	EndGlobalSection
	GlobalSection(ProjectConfigurationPlatforms) = postSolution
		{13B7B32D-86CC-4E97-9248-EFD1B7211334}.Debug|Any CPU.ActiveCfg = Debug|Any CPU
		{13B7B32D-86CC-4E97-9248-EFD1B7211334}.Debug|Any CPU.Build.0 = Debug|Any CPU
		{13B7B32D-86CC-4E97-9248-EFD1B7211334}.Release|Any CPU.ActiveCfg = Release|Any CPU
		{13B7B32D-86CC-4E97-9248-EFD1B7211334}.Release|Any CPU.Build.0 = Release|Any CPU
	EndGlobalSection
	GlobalSection(SolutionProperties) = preSolution
		HideSolutionNode = FALSE
	EndGlobalSection
	GlobalSection(ExtensibilityGlobals) = postSolution
		SolutionGuid = {4DC0DD31-FE78-4603-9194-BDF3FED6F28C}
	EndGlobalSection
EndGlobal
